// !$*UTF8*$!
{
	archiveVersion = 1;
	classes = {
	};
	objectVersion = 46;
	objects = {

/* Begin PBXBuildFile section */
		3F0D1CFC1F95507F00F9021A /* wonders1.png in Resources */ = {isa = PBXBuildFile; fileRef = 3F0D1CF51F95507F00F9021A /* wonders1.png */; };
		3F0D1CFD1F95507F00F9021A /* wonders2.png in Resources */ = {isa = PBXBuildFile; fileRef = 3F0D1CF61F95507F00F9021A /* wonders2.png */; };
		3F0D1CFE1F95507F00F9021A /* wonders3.png in Resources */ = {isa = PBXBuildFile; fileRef = 3F0D1CF71F95507F00F9021A /* wonders3.png */; };
		3F0D1CFF1F95507F00F9021A /* wonders4.png in Resources */ = {isa = PBXBuildFile; fileRef = 3F0D1CF81F95507F00F9021A /* wonders4.png */; };
		3F0D1D001F95507F00F9021A /* wonders5.png in Resources */ = {isa = PBXBuildFile; fileRef = 3F0D1CF91F95507F00F9021A /* wonders5.png */; };
		3F0D1D011F95507F00F9021A /* wonders6.png in Resources */ = {isa = PBXBuildFile; fileRef = 3F0D1CFA1F95507F00F9021A /* wonders6.png */; };
		3F0D1D021F95507F00F9021A /* wonders7.png in Resources */ = {isa = PBXBuildFile; fileRef = 3F0D1CFB1F95507F00F9021A /* wonders7.png */; };
		3FACE3A91F954AC7009C3EF8 /* AppDelegate.swift in Sources */ = {isa = PBXBuildFile; fileRef = 3FACE3A81F954AC7009C3EF8 /* AppDelegate.swift */; };
		3FACE3AE1F954AC7009C3EF8 /* Main.storyboard in Resources */ = {isa = PBXBuildFile; fileRef = 3FACE3AC1F954AC7009C3EF8 /* Main.storyboard */; };
		3FACE3B01F954AC7009C3EF8 /* Assets.xcassets in Resources */ = {isa = PBXBuildFile; fileRef = 3FACE3AF1F954AC7009C3EF8 /* Assets.xcassets */; };
		3FACE3B31F954AC7009C3EF8 /* LaunchScreen.storyboard in Resources */ = {isa = PBXBuildFile; fileRef = 3FACE3B11F954AC7009C3EF8 /* LaunchScreen.storyboard */; };
		3FACE3BB1F954C35009C3EF8 /* MyUIPageViewController.swift in Sources */ = {isa = PBXBuildFile; fileRef = 3FACE3BA1F954C35009C3EF8 /* MyUIPageViewController.swift */; };
		3FACE3BD1F954C47009C3EF8 /* MyUIViewController.swift in Sources */ = {isa = PBXBuildFile; fileRef = 3FACE3BC1F954C47009C3EF8 /* MyUIViewController.swift */; };
/* End PBXBuildFile section */

/* Begin PBXFileReference section */
		3F0D1CF51F95507F00F9021A /* wonders1.png */ = {isa = PBXFileReference; lastKnownFileType = image.png; path = wonders1.png; sourceTree = "<group>"; };
		3F0D1CF61F95507F00F9021A /* wonders2.png */ = {isa = PBXFileReference; lastKnownFileType = image.png; path = wonders2.png; sourceTree = "<group>"; };
		3F0D1CF71F95507F00F9021A /* wonders3.png */ = {isa = PBXFileReference; lastKnownFileType = image.png; path = wonders3.png; sourceTree = "<group>"; };
		3F0D1CF81F95507F00F9021A /* wonders4.png */ = {isa = PBXFileReference; lastKnownFileType = image.png; path = wonders4.png; sourceTree = "<group>"; };
		3F0D1CF91F95507F00F9021A /* wonders5.png */ = {isa = PBXFileReference; lastKnownFileType = image.png; path = wonders5.png; sourceTree = "<group>"; };
		3F0D1CFA1F95507F00F9021A /* wonders6.png */ = {isa = PBXFileReference; lastKnownFileType = image.png; path = wonders6.png; sourceTree = "<group>"; };
		3F0D1CFB1F95507F00F9021A /* wonders7.png */ = {isa = PBXFileReference; lastKnownFileType = image.png; path = wonders7.png; sourceTree = "<group>"; };
		3FACE3A51F954AC7009C3EF8 /* KeJoshua-hw6.app */ = {isa = PBXFileReference; explicitFileType = wrapper.application; includeInIndex = 0; path = "KeJoshua-hw6.app"; sourceTree = BUILT_PRODUCTS_DIR; };
		3FACE3A81F954AC7009C3EF8 /* AppDelegate.swift */ = {isa = PBXFileReference; lastKnownFileType = sourcecode.swift; path = AppDelegate.swift; sourceTree = "<group>"; };
		3FACE3AD1F954AC7009C3EF8 /* Base */ = {isa = PBXFileReference; lastKnownFileType = file.storyboard; name = Base; path = Base.lproj/Main.storyboard; sourceTree = "<group>"; };
		3FACE3AF1F954AC7009C3EF8 /* Assets.xcassets */ = {isa = PBXFileReference; lastKnownFileType = folder.assetcatalog; path = Assets.xcassets; sourceTree = "<group>"; };
		3FACE3B21F954AC7009C3EF8 /* Base */ = {isa = PBXFileReference; lastKnownFileType = file.storyboard; name = Base; path = Base.lproj/LaunchScreen.storyboard; sourceTree = "<group>"; };
		3FACE3B41F954AC7009C3EF8 /* Info.plist */ = {isa = PBXFileReference; lastKnownFileType = text.plist.xml; path = Info.plist; sourceTree = "<group>"; };
		3FACE3BA1F954C35009C3EF8 /* MyUIPageViewController.swift */ = {isa = PBXFileReference; fileEncoding = 4; lastKnownFileType = sourcecode.swift; path = MyUIPageViewController.swift; sourceTree = "<group>"; };
		3FACE3BC1F954C47009C3EF8 /* MyUIViewController.swift */ = {isa = PBXFileReference; fileEncoding = 4; lastKnownFileType = sourcecode.swift; path = MyUIViewController.swift; sourceTree = "<group>"; };
/* End PBXFileReference section */

/* Begin PBXFrameworksBuildPhase section */
		3FACE3A21F954AC7009C3EF8 /* Frameworks */ = {
			isa = PBXFrameworksBuildPhase;
			buildActionMask = 2147483647;
			files = (
			);
			runOnlyForDeploymentPostprocessing = 0;
		};
/* End PBXFrameworksBuildPhase section */

/* Begin PBXGroup section */
		3FACE39C1F954AC7009C3EF8 = {
			isa = PBXGroup;
			children = (
				3FACE3A71F954AC7009C3EF8 /* KeJoshua-hw6 */,
				3FACE3A61F954AC7009C3EF8 /* Products */,
			);
			sourceTree = "<group>";
		};
		3FACE3A61F954AC7009C3EF8 /* Products */ = {
			isa = PBXGroup;
			children = (
				3FACE3A51F954AC7009C3EF8 /* KeJoshua-hw6.app */,
			);
			name = Products;
			sourceTree = "<group>";
		};
		3FACE3A71F954AC7009C3EF8 /* KeJoshua-hw6 */ = {
			isa = PBXGroup;
			children = (
				3F0D1CF51F95507F00F9021A /* wonders1.png */,
				3F0D1CF61F95507F00F9021A /* wonders2.png */,
				3F0D1CF71F95507F00F9021A /* wonders3.png */,
				3F0D1CF81F95507F00F9021A /* wonders4.png */,
				3F0D1CF91F95507F00F9021A /* wonders5.png */,
				3F0D1CFA1F95507F00F9021A /* wonders6.png */,
				3F0D1CFB1F95507F00F9021A /* wonders7.png */,
				3FACE3A81F954AC7009C3EF8 /* AppDelegate.swift */,
				3FACE3AC1F954AC7009C3EF8 /* Main.storyboard */,
				3FACE3AF1F954AC7009C3EF8 /* Assets.xcassets */,
				3FACE3B11F954AC7009C3EF8 /* LaunchScreen.storyboard */,
				3FACE3B41F954AC7009C3EF8 /* Info.plist */,
				3FACE3BC1F954C47009C3EF8 /* MyUIViewController.swift */,
				3FACE3BA1F954C35009C3EF8 /* MyUIPageViewController.swift */,
			);
			path = "KeJoshua-hw6";
			sourceTree = "<group>";
		};
/* End PBXGroup section */

/* Begin PBXNativeTarget section */
		3FACE3A41F954AC7009C3EF8 /* KeJoshua-hw6 */ = {
			isa = PBXNativeTarget;
			buildConfigurationList = 3FACE3B71F954AC7009C3EF8 /* Build configuration list for PBXNativeTarget "KeJoshua-hw6" */;
			buildPhases = (
				3FACE3A11F954AC7009C3EF8 /* Sources */,
				3FACE3A21F954AC7009C3EF8 /* Frameworks */,
				3FACE3A31F954AC7009C3EF8 /* Resources */,
			);
			buildRules = (
			);
			dependencies = (
			);
			name = "KeJoshua-hw6";
			productName = "KeJoshua-hw6";
			productReference = 3FACE3A51F954AC7009C3EF8 /* KeJoshua-hw6.app */;
			productType = "com.apple.product-type.application";
		};
/* End PBXNativeTarget section */

/* Begin PBXProject section */
		3FACE39D1F954AC7009C3EF8 /* Project object */ = {
			isa = PBXProject;
			attributes = {
				LastSwiftUpdateCheck = 0830;
				LastUpgradeCheck = 0830;
				ORGANIZATIONNAME = "Ke, Joshua C";
				TargetAttributes = {
					3FACE3A41F954AC7009C3EF8 = {
						CreatedOnToolsVersion = 8.3.3;
						ProvisioningStyle = Automatic;
					};
				};
			};
			buildConfigurationList = 3FACE3A01F954AC7009C3EF8 /* Build configuration list for PBXProject "KeJoshua-hw6" */;
			compatibilityVersion = "Xcode 3.2";
			developmentRegion = English;
			hasScannedForEncodings = 0;
			knownRegions = (
				en,
				Base,
			);
			mainGroup = 3FACE39C1F954AC7009C3EF8;
			productRefGroup = 3FACE3A61F954AC7009C3EF8 /* Products */;
			projectDirPath = "";
			projectRoot = "";
			targets = (
				3FACE3A41F954AC7009C3EF8 /* KeJoshua-hw6 */,
			);
		};
/* End PBXProject section */

/* Begin PBXResourcesBuildPhase section */
		3FACE3A31F954AC7009C3EF8 /* Resources */ = {
			isa = PBXResourcesBuildPhase;
			buildActionMask = 2147483647;
			files = (
				3F0D1D011F95507F00F9021A /* wonders6.png in Resources */,
				3F0D1CFE1F95507F00F9021A /* wonders3.png in Resources */,
				3F0D1D021F95507F00F9021A /* wonders7.png in Resources */,
				3FACE3B31F954AC7009C3EF8 /* LaunchScreen.storyboard in Resources */,
				3FACE3B01F954AC7009C3EF8 /* Assets.xcassets in Resources */,
				3F0D1CFD1F95507F00F9021A /* wonders2.png in Resources */,
				3F0D1CFC1F95507F00F9021A /* wonders1.png in Resources */,
				3F0D1CFF1F95507F00F9021A /* wonders4.png in Resources */,
				3F0D1D001F95507F00F9021A /* wonders5.png in Resources */,
				3FACE3AE1F954AC7009C3EF8 /* Main.storyboard in Resources */,
			);
			runOnlyForDeploymentPostprocessing = 0;
		};
/* End PBXResourcesBuildPhase section */

/* Begin PBXSourcesBuildPhase section */
		3FACE3A11F954AC7009C3EF8 /* Sources */ = {
			isa = PBXSourcesBuildPhase;
			buildActionMask = 2147483647;
			files = (
				3FACE3A91F954AC7009C3EF8 /* AppDelegate.swift in Sources */,
				3FACE3BB1F954C35009C3EF8 /* MyUIPageViewController.swift in Sources */,
				3FACE3BD1F954C47009C3EF8 /* MyUIViewController.swift in Sources */,
			);
			runOnlyForDeploymentPostprocessing = 0;
		};
/* End PBXSourcesBuildPhase section */

/* Begin PBXVariantGroup section */
		3FACE3AC1F954AC7009C3EF8 /* Main.storyboard */ = {
			isa = PBXVariantGroup;
			children = (
				3FACE3AD1F954AC7009C3EF8 /* Base */,
			);
			name = Main.storyboard;
			sourceTree = "<group>";
		};
		3FACE3B11F954AC7009C3EF8 /* LaunchScreen.storyboard */ = {
			isa = PBXVariantGroup;
			children = (
				3FACE3B21F954AC7009C3EF8 /* Base */,
			);
			name = LaunchScreen.storyboard;
			sourceTree = "<group>";
		};
/* End PBXVariantGroup section */

/* Begin XCBuildConfiguration section */
		3FACE3B51F954AC7009C3EF8 /* Debug */ = {
			isa = XCBuildConfiguration;
			buildSettings = {
				ALWAYS_SEARCH_USER_PATHS = NO;
				CLANG_ANALYZER_NONNULL = YES;
				CLANG_ANALYZER_NUMBER_OBJECT_CONVERSION = YES_AGGRESSIVE;
				CLANG_CXX_LANGUAGE_STANDARD = "gnu++0x";
				CLANG_CXX_LIBRARY = "libc++";
				CLANG_ENABLE_MODULES = YES;
				CLANG_ENABLE_OBJC_ARC = YES;
				CLANG_WARN_BOOL_CONVERSION = YES;
				CLANG_WARN_CONSTANT_CONVERSION = YES;
				CLANG_WARN_DIRECT_OBJC_ISA_USAGE = YES_ERROR;
				CLANG_WARN_DOCUMENTATION_COMMENTS = YES;
				CLANG_WARN_EMPTY_BODY = YES;
				CLANG_WARN_ENUM_CONVERSION = YES;
				CLANG_WARN_INFINITE_RECURSION = YES;
				CLANG_WARN_INT_CONVERSION = YES;
				CLANG_WARN_OBJC_ROOT_CLASS = YES_ERROR;
				CLANG_WARN_SUSPICIOUS_MOVE = YES;
				CLANG_WARN_UNREACHABLE_CODE = YES;
				CLANG_WARN__DUPLICATE_METHOD_MATCH = YES;
				"CODE_SIGN_IDENTITY[sdk=iphoneos*]" = "iPhone Developer";
				COPY_PHASE_STRIP = NO;
				DEBUG_INFORMATION_FORMAT = dwarf;
				ENABLE_STRICT_OBJC_MSGSEND = YES;
				ENABLE_TESTABILITY = YES;
				GCC_C_LANGUAGE_STANDARD = gnu99;
				GCC_DYNAMIC_NO_PIC = NO;
				GCC_NO_COMMON_BLOCKS = YES;
				GCC_OPTIMIZATION_LEVEL = 0;
				GCC_PREPROCESSOR_DEFINITIONS = (
					"DEBUG=1",
					"$(inherited)",
				);
				GCC_WARN_64_TO_32_BIT_CONVERSION = YES;
				GCC_WARN_ABOUT_RETURN_TYPE = YES_ERROR;
				GCC_WARN_UNDECLARED_SELECTOR = YES;
				GCC_WARN_UNINITIALIZED_AUTOS = YES_AGGRESSIVE;
				GCC_WARN_UNUSED_FUNCTION = YES;
				GCC_WARN_UNUSED_VARIABLE = YES;
				IPHONEOS_DEPLOYMENT_TARGET = 10.3;
				MTL_ENABLE_DEBUG_INFO = YES;
				ONLY_ACTIVE_ARCH = YES;
				SDKROOT = iphoneos;
				SWIFT_ACTIVE_COMPILATION_CONDITIONS = DEBUG;
				SWIFT_OPTIMIZATION_LEVEL = "-Onone";
				TARGETED_DEVICE_FAMILY = "1,2";
			};
			name = Debug;
		};
		3FACE3B61F954AC7009C3EF8 /* Release */ = {
			isa = XCBuildConfiguration;
			buildSettings = {
				ALWAYS_SEARCH_USER_PATHS = NO;
				CLANG_ANALYZER_NONNULL = YES;
				CLANG_ANALYZER_NUMBER_OBJECT_CONVERSION = YES_AGGRESSIVE;
				CLANG_CXX_LANGUAGE_STANDARD = "gnu++0x";
				CLANG_CXX_LIBRARY = "libc++";
				CLANG_ENABLE_MODULES = YES;
				CLANG_ENABLE_OBJC_ARC = YES;
				CLANG_WARN_BOOL_CONVERSION = YES;
				CLANG_WARN_CONSTANT_CONVERSION = YES;
				CLANG_WARN_DIRECT_OBJC_ISA_USAGE = YES_ERROR;
				CLANG_WARN_DOCUMENTATION_COMMENTS = YES;
				CLANG_WARN_EMPTY_BODY = YES;
				CLANG_WARN_ENUM_CONVERSION = YES;
				CLANG_WARN_INFINITE_RECURSION = YES;
				CLANG_WARN_INT_CONVERSION = YES;
				CLANG_WARN_OBJC_ROOT_CLASS = YES_ERROR;
				CLANG_WARN_SUSPICIOUS_MOVE = YES;
				CLANG_WARN_UNREACHABLE_CODE = YES;
				CLANG_WARN__DUPLICATE_METHOD_MATCH = YES;
				"CODE_SIGN_IDENTITY[sdk=iphoneos*]" = "iPhone Developer";
				COPY_PHASE_STRIP = NO;
				DEBUG_INFORMATION_FORMAT = "dwarf-with-dsym";
				ENABLE_NS_ASSERTIONS = NO;
				ENABLE_STRICT_OBJC_MSGSEND = YES;
				GCC_C_LANGUAGE_STANDARD = gnu99;
				GCC_NO_COMMON_BLOCKS = YES;
				GCC_WARN_64_TO_32_BIT_CONVERSION = YES;
				GCC_WARN_ABOUT_RETURN_TYPE = YES_ERROR;
				GCC_WARN_UNDECLARED_SELECTOR = YES;
				GCC_WARN_UNINITIALIZED_AUTOS = YES_AGGRESSIVE;
				GCC_WARN_UNUSED_FUNCTION = YES;
				GCC_WARN_UNUSED_VARIABLE = YES;
				IPHONEOS_DEPLOYMENT_TARGET = 10.3;
				MTL_ENABLE_DEBUG_INFO = NO;
				SDKROOT = iphoneos;
				SWIFT_OPTIMIZATION_LEVEL = "-Owholemodule";
				TARGETED_DEVICE_FAMILY = "1,2";
				VALIDATE_PRODUCT = YES;
			};
			name = Release;
		};
		3FACE3B81F954AC7009C3EF8 /* Debug */ = {
			isa = XCBuildConfiguration;
			buildSettings = {
				ASSETCATALOG_COMPILER_APPICON_NAME = AppIcon;
				INFOPLIST_FILE = "KeJoshua-hw6/Info.plist";
				LD_RUNPATH_SEARCH_PATHS = "$(inherited) @executable_path/Frameworks";
				PRODUCT_BUNDLE_IDENTIFIER = "CS329E.KeJoshua-hw6";
				PRODUCT_NAME = "$(TARGET_NAME)";
				SWIFT_VERSION = 3.0;
			};
			name = Debug;
		};
		3FACE3B91F954AC7009C3EF8 /* Release */ = {
			isa = XCBuildConfiguration;
			buildSettings = {
				ASSETCATALOG_COMPILER_APPICON_NAME = AppIcon;
				INFOPLIST_FILE = "KeJoshua-hw6/Info.plist";
				LD_RUNPATH_SEARCH_PATHS = "$(inherited) @executable_path/Frameworks";
				PRODUCT_BUNDLE_IDENTIFIER = "CS329E.KeJoshua-hw6";
				PRODUCT_NAME = "$(TARGET_NAME)";
				SWIFT_VERSION = 3.0;
			};
			name = Release;
		};
/* End XCBuildConfiguration section */

/* Begin XCConfigurationList section */
		3FACE3A01F954AC7009C3EF8 /* Build configuration list for PBXProject "KeJoshua-hw6" */ = {
			isa = XCConfigurationList;
			buildConfigurations = (
				3FACE3B51F954AC7009C3EF8 /* Debug */,
				3FACE3B61F954AC7009C3EF8 /* Release */,
			);
			defaultConfigurationIsVisible = 0;
			defaultConfigurationName = Release;
		};
		3FACE3B71F954AC7009C3EF8 /* Build configuration list for PBXNativeTarget "KeJoshua-hw6" */ = {
			isa = XCConfigurationList;
			buildConfigurations = (
				3FACE3B81F954AC7009C3EF8 /* Debug */,
				3FACE3B91F954AC7009C3EF8 /* Release */,
			);
			defaultConfigurationIsVisible = 0;
			defaultConfigurationName = Release;
		};
/* End XCConfigurationList section */
	};
	rootObject = 3FACE39D1F954AC7009C3EF8 /* Project object */;
}
